
Microsoft Visual Studio Solution File, Format Version 12.00
# Visual Studio Version 16
VisualStudioVersion = 16.0.32901.82
MinimumVisualStudioVersion = 10.0.40219.1
Project("{FAE04EC0-301F-11D3-BF4B-00C04F79EFBC}") = "Labb 2 – Arv", "Labb 2 – Arv\Labb 2 – Arv.csproj", "{B0FE7F97-2B44-406D-A03B-7F468FEFA37C}"
EndProject
Global
	GlobalSection(SolutionConfigurationPlatforms) = preSolution
		Debug|Any CPU = Debug|Any CPU
		Release|Any CPU = Release|Any CPU
	EndGlobalSection
	GlobalSection(ProjectConfigurationPlatforms) = postSolution
		{B0FE7F97-2B44-406D-A03B-7F468FEFA37C}.Debug|Any CPU.ActiveCfg = Debug|Any CPU
		{B0FE7F97-2B44-406D-A03B-7F468FEFA37C}.Debug|Any CPU.Build.0 = Debug|Any CPU
		{B0FE7F97-2B44-406D-A03B-7F468FEFA37C}.Release|Any CPU.ActiveCfg = Release|Any CPU
		{B0FE7F97-2B44-406D-A03B-7F468FEFA37C}.Release|Any CPU.Build.0 = Release|Any CPU
	EndGlobalSection
	GlobalSection(SolutionProperties) = preSolution
		HideSolutionNode = FALSE
	EndGlobalSection
	GlobalSection(ExtensibilityGlobals) = postSolution
		SolutionGuid = {4C9CE3EF-3E10-435E-874A-0157753E1039}
	EndGlobalSection
EndGlobal
